
Microsoft Visual Studio Solution File, Format Version 12.00
# Visual Studio Version 16
VisualStudioVersion = 16.0.30717.126
MinimumVisualStudioVersion = 10.0.40219.1
Project("{9A19103F-16F7-4668-BE54-9A1E7A4F7556}") = "testTcpConnect", "testTcpConnect\testTcpConnect.csproj", "{001DE659-CEC1-4864-9FA4-73696880B5ED}"
EndProject
Project("{9A19103F-16F7-4668-BE54-9A1E7A4F7556}") = "ScpiLib", "ScpiLib\ScpiLib.csproj", "{D1BA52CF-18A0-4AAE-8080-68CD6289C7E1}"
EndProject
Project("{FAE04EC0-301F-11D3-BF4B-00C04F79EFBC}") = "ScpiLibTests", "ScpiLibTests\ScpiLibTests.csproj", "{4652F700-1144-4D3F-B274-F17832CE9AE3}"
EndProject
Global
	GlobalSection(SolutionConfigurationPlatforms) = preSolution
		Debug|Any CPU = Debug|Any CPU
		Release|Any CPU = Release|Any CPU
	EndGlobalSection
	GlobalSection(ProjectConfigurationPlatforms) = postSolution
		{001DE659-CEC1-4864-9FA4-73696880B5ED}.Debug|Any CPU.ActiveCfg = Debug|Any CPU
		{001DE659-CEC1-4864-9FA4-73696880B5ED}.Debug|Any CPU.Build.0 = Debug|Any CPU
		{001DE659-CEC1-4864-9FA4-73696880B5ED}.Release|Any CPU.ActiveCfg = Release|Any CPU
		{001DE659-CEC1-4864-9FA4-73696880B5ED}.Release|Any CPU.Build.0 = Release|Any CPU
		{D1BA52CF-18A0-4AAE-8080-68CD6289C7E1}.Debug|Any CPU.ActiveCfg = Debug|Any CPU
		{D1BA52CF-18A0-4AAE-8080-68CD6289C7E1}.Debug|Any CPU.Build.0 = Debug|Any CPU
		{D1BA52CF-18A0-4AAE-8080-68CD6289C7E1}.Release|Any CPU.ActiveCfg = Release|Any CPU
		{D1BA52CF-18A0-4AAE-8080-68CD6289C7E1}.Release|Any CPU.Build.0 = Release|Any CPU
		{4652F700-1144-4D3F-B274-F17832CE9AE3}.Debug|Any CPU.ActiveCfg = Debug|Any CPU
		{4652F700-1144-4D3F-B274-F17832CE9AE3}.Debug|Any CPU.Build.0 = Debug|Any CPU
		{4652F700-1144-4D3F-B274-F17832CE9AE3}.Release|Any CPU.ActiveCfg = Release|Any CPU
		{4652F700-1144-4D3F-B274-F17832CE9AE3}.Release|Any CPU.Build.0 = Release|Any CPU
	EndGlobalSection
	GlobalSection(SolutionProperties) = preSolution
		HideSolutionNode = FALSE
	EndGlobalSection
	GlobalSection(ExtensibilityGlobals) = postSolution
		SolutionGuid = {6C3BAE87-3579-4F7C-B888-C01FE4BC2F5E}
	EndGlobalSection
EndGlobal
